<?xml version="1.0" encoding="utf-8"?>
<Project ToolsVersion="4.0" xmlns="http://schemas.microsoft.com/developer/msbuild/2003">
  <ItemGroup>
    <Filter Include="Source Files">
      <UniqueIdentifier>{4FC737F1-C7A5-4376-A066-2A32D752A2FF}</UniqueIdentifier>
      <Extensions>cpp;c;cc;cxx;def;odl;idl;hpj;bat;asm;asmx</Extensions>
    </Filter>
    <Filter Include="Header Files">
      <UniqueIdentifier>{93995380-89BD-4b04-88EB-625FBE52EBFB}</UniqueIdentifier>
      <Extensions>h;hpp;hxx;hm;inl;inc;xsd</Extensions>
    </Filter>
    <Filter Include="Resource Files">
      <UniqueIdentifier>{67DA6AB6-F800-4c08-8B7A-83BB121AAD01}</UniqueIdentifier>
      <Extensions>rc;ico;cur;bmp;dlg;rc2;rct;bin;rgs;gif;jpg;jpeg;jpe;resx;tiff;tif;png;wav;mfcribbon-ms</Extensions>
    </Filter>
  </ItemGroup>
  <ItemGroup>
    <ClInclude Include="include\Display.h">
      <Filter>Header Files</Filter>
    </ClInclude>
    <ClInclude Include="include\Entity.h">
      <Filter>Header Files</Filter>
    </ClInclude>
    <ClInclude Include="include\Errors.h">
      <Filter>Header Files</Filter>
    </ClInclude>
    <ClInclude Include="include\Events.h">
      <Filter>Header Files</Filter>
    </ClInclude>
    <ClInclude Include="include\Helpers.h">
      <Filter>Header Files</Filter>
    </ClInclude>
    <ClInclude Include="include\SDL_Helper.h">
      <Filter>Header Files</Filter>
    </ClInclude>
    <ClInclude Include="include\Timer.h">
      <Filter>Header Files</Filter>
    </ClInclude>
    <ClInclude Include="include\Engine.h">
      <Filter>Header Files</Filter>
    </ClInclude>
    <ClInclude Include="include\Enemy.h">
      <Filter>Header Files</Filter>
    </ClInclude>
    <ClInclude Include="include\Player.h">
      <Filter>Header Files</Filter>
    </ClInclude>
    <ClInclude Include="include\Bullet.h">
      <Filter>Header Files</Filter>
    </ClInclude>
    <ClInclude Include="include\Debugger.h">
      <Filter>Header Files</Filter>
    </ClInclude>
    <ClInclude Include="include\Settings.h">
      <Filter>Header Files</Filter>
    </ClInclude>
    <ClInclude Include="include\GarbageDisposal.h">
      <Filter>Header Files</Filter>
    </ClInclude>
    <ClInclude Include="include\Particles.h">
      <Filter>Header Files</Filter>
    </ClInclude>
    <ClInclude Include="include\LevelManager.h">
      <Filter>Header Files</Filter>
    </ClInclude>
    <ClInclude Include="resource.h">
      <Filter>Header Files</Filter>
    </ClInclude>
    <ClInclude Include="include\Scoreboard.h">
      <Filter>Header Files</Filter>
    </ClInclude>
    <ClInclude Include="src\Menu.h">
      <Filter>Header Files</Filter>
    </ClInclude>
  </ItemGroup>
  <ItemGroup>
    <ClCompile Include="src\Display.cpp">
      <Filter>Source Files</Filter>
    </ClCompile>
    <ClCompile Include="src\Entity.cpp">
      <Filter>Source Files</Filter>
    </ClCompile>
    <ClCompile Include="src\Errors.cpp">
      <Filter>Source Files</Filter>
    </ClCompile>
    <ClCompile Include="src\Events.cpp">
      <Filter>Source Files</Filter>
    </ClCompile>
    <ClCompile Include="src\Helpers.cpp">
      <Filter>Source Files</Filter>
    </ClCompile>
    <ClCompile Include="src\SDL_Helper.cpp">
      <Filter>Source Files</Filter>
    </ClCompile>
    <ClCompile Include="src\Timer.cpp">
      <Filter>Source Files</Filter>
    </ClCompile>
    <ClCompile Include="src\Main.cpp">
      <Filter>Source Files</Filter>
    </ClCompile>
    <ClCompile Include="src\Enemy.cpp">
      <Filter>Source Files</Filter>
    </ClCompile>
    <ClCompile Include="src\Engine.cpp">
      <Filter>Source Files</Filter>
    </ClCompile>
    <ClCompile Include="src\Player.cpp">
      <Filter>Source Files</Filter>
    </ClCompile>
    <ClCompile Include="src\Bullet.cpp">
      <Filter>Source Files</Filter>
    </ClCompile>
    <ClCompile Include="src\Debugger.cpp">
      <Filter>Source Files</Filter>
    </ClCompile>
    <ClCompile Include="src\Settings.cpp">
      <Filter>Source Files</Filter>
    </ClCompile>
    <ClCompile Include="src\GarbageDisposal.cpp">
      <Filter>Source Files</Filter>
    </ClCompile>
    <ClCompile Include="src\Particles.cpp">
      <Filter>Source Files</Filter>
    </ClCompile>
    <ClCompile Include="src\LevelManager.cpp">
      <Filter>Source Files</Filter>
    </ClCompile>
    <ClCompile Include="src\Scoreboard.cpp">
      <Filter>Source Files</Filter>
    </ClCompile>
    <ClCompile Include="src\Menu.cpp">
      <Filter>Source Files</Filter>
    </ClCompile>
  </ItemGroup>
  <ItemGroup>
    <ResourceCompile Include="ShapeWars.rc">
      <Filter>Resource Files</Filter>
    </ResourceCompile>
  </ItemGroup>
  <ItemGroup>
    <None Include="icon.ico">
      <Filter>Resource Files</Filter>
    </None>
  </ItemGroup>
</Project>